
Microsoft Visual Studio Solution File, Format Version 12.00
# Visual Studio 14
VisualStudioVersion = 14.0.25420.1
MinimumVisualStudioVersion = 10.0.40219.1
Project("{FAE04EC0-301F-11D3-BF4B-00C04F79EFBC}") = "SimchaWebApplication.web", "SimchaWebApplication.web\SimchaWebApplication.web.csproj", "{8AEB7E95-8B80-4015-AB77-CA1429DC71FE}"
EndProject
Project("{FAE04EC0-301F-11D3-BF4B-00C04F79EFBC}") = "SimchaWebApplication.data", "SimchaWebApplication.data\SimchaWebApplication.data.csproj", "{B33586F6-5A43-4B2F-B436-B911A8065909}"
EndProject
Global
	GlobalSection(SolutionConfigurationPlatforms) = preSolution
		Debug|Any CPU = Debug|Any CPU
		Release|Any CPU = Release|Any CPU
	EndGlobalSection
	GlobalSection(ProjectConfigurationPlatforms) = postSolution
		{8AEB7E95-8B80-4015-AB77-CA1429DC71FE}.Debug|Any CPU.ActiveCfg = Debug|Any CPU
		{8AEB7E95-8B80-4015-AB77-CA1429DC71FE}.Debug|Any CPU.Build.0 = Debug|Any CPU
		{8AEB7E95-8B80-4015-AB77-CA1429DC71FE}.Release|Any CPU.ActiveCfg = Release|Any CPU
		{8AEB7E95-8B80-4015-AB77-CA1429DC71FE}.Release|Any CPU.Build.0 = Release|Any CPU
		{B33586F6-5A43-4B2F-B436-B911A8065909}.Debug|Any CPU.ActiveCfg = Debug|Any CPU
		{B33586F6-5A43-4B2F-B436-B911A8065909}.Debug|Any CPU.Build.0 = Debug|Any CPU
		{B33586F6-5A43-4B2F-B436-B911A8065909}.Release|Any CPU.ActiveCfg = Release|Any CPU
		{B33586F6-5A43-4B2F-B436-B911A8065909}.Release|Any CPU.Build.0 = Release|Any CPU
	EndGlobalSection
	GlobalSection(SolutionProperties) = preSolution
		HideSolutionNode = FALSE
	EndGlobalSection
EndGlobal
